// !$*UTF8*$!
{
	archiveVersion = 1;
	classes = {
	};
	objectVersion = 50;
	objects = {

/* Begin PBXBuildFile section */
		84FC94412628485F00C51B65 /* AppDelegate.swift in Sources */ = {isa = PBXBuildFile; fileRef = 84FC94402628485F00C51B65 /* AppDelegate.swift */; };
		84FC94432628485F00C51B65 /* SceneDelegate.swift in Sources */ = {isa = PBXBuildFile; fileRef = 84FC94422628485F00C51B65 /* SceneDelegate.swift */; };
		84FC94452628485F00C51B65 /* ViewController.swift in Sources */ = {isa = PBXBuildFile; fileRef = 84FC94442628485F00C51B65 /* ViewController.swift */; };
		84FC94482628485F00C51B65 /* Main.storyboard in Resources */ = {isa = PBXBuildFile; fileRef = 84FC94462628485F00C51B65 /* Main.storyboard */; };
		84FC944A2628486100C51B65 /* Assets.xcassets in Resources */ = {isa = PBXBuildFile; fileRef = 84FC94492628486100C51B65 /* Assets.xcassets */; };
		84FC944D2628486100C51B65 /* LaunchScreen.storyboard in Resources */ = {isa = PBXBuildFile; fileRef = 84FC944B2628486100C51B65 /* LaunchScreen.storyboard */; };
		84FC945626284AF200C51B65 /* EmailTableViewController.swift in Sources */ = {isa = PBXBuildFile; fileRef = 84FC945526284AF200C51B65 /* EmailTableViewController.swift */; };
		84FC945C26284D0000C51B65 /* EmailStore.swift in Sources */ = {isa = PBXBuildFile; fileRef = 84FC945B26284D0000C51B65 /* EmailStore.swift */; };
		84FC945F26284D8100C51B65 /* emails.json in Resources */ = {isa = PBXBuildFile; fileRef = 84FC945E26284D8100C51B65 /* emails.json */; };
		84FC94632628587D00C51B65 /* EmailCell.swift in Sources */ = {isa = PBXBuildFile; fileRef = 84FC94622628587D00C51B65 /* EmailCell.swift */; };
/* End PBXBuildFile section */

/* Begin PBXFileReference section */
		84FC943D2628485F00C51B65 /* EmailApp.app */ = {isa = PBXFileReference; explicitFileType = wrapper.application; includeInIndex = 0; path = EmailApp.app; sourceTree = BUILT_PRODUCTS_DIR; };
		84FC94402628485F00C51B65 /* AppDelegate.swift */ = {isa = PBXFileReference; lastKnownFileType = sourcecode.swift; path = AppDelegate.swift; sourceTree = "<group>"; };
		84FC94422628485F00C51B65 /* SceneDelegate.swift */ = {isa = PBXFileReference; lastKnownFileType = sourcecode.swift; path = SceneDelegate.swift; sourceTree = "<group>"; };
		84FC94442628485F00C51B65 /* ViewController.swift */ = {isa = PBXFileReference; lastKnownFileType = sourcecode.swift; path = ViewController.swift; sourceTree = "<group>"; };
		84FC94472628485F00C51B65 /* Base */ = {isa = PBXFileReference; lastKnownFileType = file.storyboard; name = Base; path = Base.lproj/Main.storyboard; sourceTree = "<group>"; };
		84FC94492628486100C51B65 /* Assets.xcassets */ = {isa = PBXFileReference; lastKnownFileType = folder.assetcatalog; path = Assets.xcassets; sourceTree = "<group>"; };
		84FC944C2628486100C51B65 /* Base */ = {isa = PBXFileReference; lastKnownFileType = file.storyboard; name = Base; path = Base.lproj/LaunchScreen.storyboard; sourceTree = "<group>"; };
		84FC944E2628486100C51B65 /* Info.plist */ = {isa = PBXFileReference; lastKnownFileType = text.plist.xml; path = Info.plist; sourceTree = "<group>"; };
		84FC945526284AF200C51B65 /* EmailTableViewController.swift */ = {isa = PBXFileReference; lastKnownFileType = sourcecode.swift; path = EmailTableViewController.swift; sourceTree = "<group>"; };
		84FC945B26284D0000C51B65 /* EmailStore.swift */ = {isa = PBXFileReference; lastKnownFileType = sourcecode.swift; path = EmailStore.swift; sourceTree = "<group>"; };
		84FC945E26284D8100C51B65 /* emails.json */ = {isa = PBXFileReference; lastKnownFileType = text.json; path = emails.json; sourceTree = "<group>"; };
		84FC94622628587D00C51B65 /* EmailCell.swift */ = {isa = PBXFileReference; lastKnownFileType = sourcecode.swift; path = EmailCell.swift; sourceTree = "<group>"; };
/* End PBXFileReference section */

/* Begin PBXFrameworksBuildPhase section */
		84FC943A2628485F00C51B65 /* Frameworks */ = {
			isa = PBXFrameworksBuildPhase;
			buildActionMask = 2147483647;
			files = (
			);
			runOnlyForDeploymentPostprocessing = 0;
		};
/* End PBXFrameworksBuildPhase section */

/* Begin PBXGroup section */
		84FC94342628485F00C51B65 = {
			isa = PBXGroup;
			children = (
				84FC943F2628485F00C51B65 /* EmailApp */,
				84FC943E2628485F00C51B65 /* Products */,
			);
			sourceTree = "<group>";
		};
		84FC943E2628485F00C51B65 /* Products */ = {
			isa = PBXGroup;
			children = (
				84FC943D2628485F00C51B65 /* EmailApp.app */,
			);
			name = Products;
			sourceTree = "<group>";
		};
		84FC943F2628485F00C51B65 /* EmailApp */ = {
			isa = PBXGroup;
			children = (
				84FC94402628485F00C51B65 /* AppDelegate.swift */,
				84FC94422628485F00C51B65 /* SceneDelegate.swift */,
				84FC94442628485F00C51B65 /* ViewController.swift */,
				84FC94462628485F00C51B65 /* Main.storyboard */,
				84FC94492628486100C51B65 /* Assets.xcassets */,
				84FC945E26284D8100C51B65 /* emails.json */,
				84FC944B2628486100C51B65 /* LaunchScreen.storyboard */,
				84FC944E2628486100C51B65 /* Info.plist */,
				84FC945526284AF200C51B65 /* EmailTableViewController.swift */,
				84FC945B26284D0000C51B65 /* EmailStore.swift */,
				84FC94622628587D00C51B65 /* EmailCell.swift */,
			);
			path = EmailApp;
			sourceTree = "<group>";
		};
/* End PBXGroup section */

/* Begin PBXNativeTarget section */
		84FC943C2628485F00C51B65 /* EmailApp */ = {
			isa = PBXNativeTarget;
			buildConfigurationList = 84FC94512628486100C51B65 /* Build configuration list for PBXNativeTarget "EmailApp" */;
			buildPhases = (
				84FC94392628485F00C51B65 /* Sources */,
				84FC943A2628485F00C51B65 /* Frameworks */,
				84FC943B2628485F00C51B65 /* Resources */,
			);
			buildRules = (
			);
			dependencies = (
			);
			name = EmailApp;
			productName = EmailApp;
			productReference = 84FC943D2628485F00C51B65 /* EmailApp.app */;
			productType = "com.apple.product-type.application";
		};
/* End PBXNativeTarget section */

/* Begin PBXProject section */
		84FC94352628485F00C51B65 /* Project object */ = {
			isa = PBXProject;
			attributes = {
				LastSwiftUpdateCheck = 1240;
				LastUpgradeCheck = 1240;
				TargetAttributes = {
					84FC943C2628485F00C51B65 = {
						CreatedOnToolsVersion = 12.4;
					};
				};
			};
			buildConfigurationList = 84FC94382628485F00C51B65 /* Build configuration list for PBXProject "EmailApp" */;
			compatibilityVersion = "Xcode 9.3";
			developmentRegion = en;
			hasScannedForEncodings = 0;
			knownRegions = (
				en,
				Base,
			);
			mainGroup = 84FC94342628485F00C51B65;
			productRefGroup = 84FC943E2628485F00C51B65 /* Products */;
			projectDirPath = "";
			projectRoot = "";
			targets = (
				84FC943C2628485F00C51B65 /* EmailApp */,
			);
		};
/* End PBXProject section */

/* Begin PBXResourcesBuildPhase section */
		84FC943B2628485F00C51B65 /* Resources */ = {
			isa = PBXResourcesBuildPhase;
			buildActionMask = 2147483647;
			files = (
				84FC944D2628486100C51B65 /* LaunchScreen.storyboard in Resources */,
				84FC944A2628486100C51B65 /* Assets.xcassets in Resources */,
				84FC945F26284D8100C51B65 /* emails.json in Resources */,
				84FC94482628485F00C51B65 /* Main.storyboard in Resources */,
			);
			runOnlyForDeploymentPostprocessing = 0;
		};
/* End PBXResourcesBuildPhase section */

/* Begin PBXSourcesBuildPhase section */
		84FC94392628485F00C51B65 /* Sources */ = {
			isa = PBXSourcesBuildPhase;
			buildActionMask = 2147483647;
			files = (
				84FC945C26284D0000C51B65 /* EmailStore.swift in Sources */,
				84FC945626284AF200C51B65 /* EmailTableViewController.swift in Sources */,
				84FC94632628587D00C51B65 /* EmailCell.swift in Sources */,
				84FC94452628485F00C51B65 /* ViewController.swift in Sources */,
				84FC94412628485F00C51B65 /* AppDelegate.swift in Sources */,
				84FC94432628485F00C51B65 /* SceneDelegate.swift in Sources */,
			);
			runOnlyForDeploymentPostprocessing = 0;
		};
/* End PBXSourcesBuildPhase section */

/* Begin PBXVariantGroup section */
		84FC94462628485F00C51B65 /* Main.storyboard */ = {
			isa = PBXVariantGroup;
			children = (
				84FC94472628485F00C51B65 /* Base */,
			);
			name = Main.storyboard;
			sourceTree = "<group>";
		};
		84FC944B2628486100C51B65 /* LaunchScreen.storyboard */ = {
			isa = PBXVariantGroup;
			children = (
				84FC944C2628486100C51B65 /* Base */,
			);
			name = LaunchScreen.storyboard;
			sourceTree = "<group>";
		};
/* End PBXVariantGroup section */

/* Begin XCBuildConfiguration section */
		84FC944F2628486100C51B65 /* Debug */ = {
			isa = XCBuildConfiguration;
			buildSettings = {
				ALWAYS_SEARCH_USER_PATHS = NO;
				CLANG_ANALYZER_NONNULL = YES;
				CLANG_ANALYZER_NUMBER_OBJECT_CONVERSION = YES_AGGRESSIVE;
				CLANG_CXX_LANGUAGE_STANDARD = "gnu++14";
				CLANG_CXX_LIBRARY = "libc++";
				CLANG_ENABLE_MODULES = YES;
				CLANG_ENABLE_OBJC_ARC = YES;
				CLANG_ENABLE_OBJC_WEAK = YES;
				CLANG_WARN_BLOCK_CAPTURE_AUTORELEASING = YES;
				CLANG_WARN_BOOL_CONVERSION = YES;
				CLANG_WARN_COMMA = YES;
				CLANG_WARN_CONSTANT_CONVERSION = YES;
				CLANG_WARN_DEPRECATED_OBJC_IMPLEMENTATIONS = YES;
				CLANG_WARN_DIRECT_OBJC_ISA_USAGE = YES_ERROR;
				CLANG_WARN_DOCUMENTATION_COMMENTS = YES;
				CLANG_WARN_EMPTY_BODY = YES;
				CLANG_WARN_ENUM_CONVERSION = YES;
				CLANG_WARN_INFINITE_RECURSION = YES;
				CLANG_WARN_INT_CONVERSION = YES;
				CLANG_WARN_NON_LITERAL_NULL_CONVERSION = YES;
				CLANG_WARN_OBJC_IMPLICIT_RETAIN_SELF = YES;
				CLANG_WARN_OBJC_LITERAL_CONVERSION = YES;
				CLANG_WARN_OBJC_ROOT_CLASS = YES_ERROR;
				CLANG_WARN_QUOTED_INCLUDE_IN_FRAMEWORK_HEADER = YES;
				CLANG_WARN_RANGE_LOOP_ANALYSIS = YES;
				CLANG_WARN_STRICT_PROTOTYPES = YES;
				CLANG_WARN_SUSPICIOUS_MOVE = YES;
				CLANG_WARN_UNGUARDED_AVAILABILITY = YES_AGGRESSIVE;
				CLANG_WARN_UNREACHABLE_CODE = YES;
				CLANG_WARN__DUPLICATE_METHOD_MATCH = YES;
				COPY_PHASE_STRIP = NO;
				DEBUG_INFORMATION_FORMAT = dwarf;
				ENABLE_STRICT_OBJC_MSGSEND = YES;
				ENABLE_TESTABILITY = YES;
				GCC_C_LANGUAGE_STANDARD = gnu11;
				GCC_DYNAMIC_NO_PIC = NO;
				GCC_NO_COMMON_BLOCKS = YES;
				GCC_OPTIMIZATION_LEVEL = 0;
				GCC_PREPROCESSOR_DEFINITIONS = (
					"DEBUG=1",
					"$(inherited)",
				);
				GCC_WARN_64_TO_32_BIT_CONVERSION = YES;
				GCC_WARN_ABOUT_RETURN_TYPE = YES_ERROR;
				GCC_WARN_UNDECLARED_SELECTOR = YES;
				GCC_WARN_UNINITIALIZED_AUTOS = YES_AGGRESSIVE;
				GCC_WARN_UNUSED_FUNCTION = YES;
				GCC_WARN_UNUSED_VARIABLE = YES;
				IPHONEOS_DEPLOYMENT_TARGET = 14.4;
				MTL_ENABLE_DEBUG_INFO = INCLUDE_SOURCE;
				MTL_FAST_MATH = YES;
				ONLY_ACTIVE_ARCH = YES;
				SDKROOT = iphoneos;
				SWIFT_ACTIVE_COMPILATION_CONDITIONS = DEBUG;
				SWIFT_OPTIMIZATION_LEVEL = "-Onone";
			};
			name = Debug;
		};
		84FC94502628486100C51B65 /* Release */ = {
			isa = XCBuildConfiguration;
			buildSettings = {
				ALWAYS_SEARCH_USER_PATHS = NO;
				CLANG_ANALYZER_NONNULL = YES;
				CLANG_ANALYZER_NUMBER_OBJECT_CONVERSION = YES_AGGRESSIVE;
				CLANG_CXX_LANGUAGE_STANDARD = "gnu++14";
				CLANG_CXX_LIBRARY = "libc++";
				CLANG_ENABLE_MODULES = YES;
				CLANG_ENABLE_OBJC_ARC = YES;
				CLANG_ENABLE_OBJC_WEAK = YES;
				CLANG_WARN_BLOCK_CAPTURE_AUTORELEASING = YES;
				CLANG_WARN_BOOL_CONVERSION = YES;
				CLANG_WARN_COMMA = YES;
				CLANG_WARN_CONSTANT_CONVERSION = YES;
				CLANG_WARN_DEPRECATED_OBJC_IMPLEMENTATIONS = YES;
				CLANG_WARN_DIRECT_OBJC_ISA_USAGE = YES_ERROR;
				CLANG_WARN_DOCUMENTATION_COMMENTS = YES;
				CLANG_WARN_EMPTY_BODY = YES;
				CLANG_WARN_ENUM_CONVERSION = YES;
				CLANG_WARN_INFINITE_RECURSION = YES;
				CLANG_WARN_INT_CONVERSION = YES;
				CLANG_WARN_NON_LITERAL_NULL_CONVERSION = YES;
				CLANG_WARN_OBJC_IMPLICIT_RETAIN_SELF = YES;
				CLANG_WARN_OBJC_LITERAL_CONVERSION = YES;
				CLANG_WARN_OBJC_ROOT_CLASS = YES_ERROR;
				CLANG_WARN_QUOTED_INCLUDE_IN_FRAMEWORK_HEADER = YES;
				CLANG_WARN_RANGE_LOOP_ANALYSIS = YES;
				CLANG_WARN_STRICT_PROTOTYPES = YES;
				CLANG_WARN_SUSPICIOUS_MOVE = YES;
				CLANG_WARN_UNGUARDED_AVAILABILITY = YES_AGGRESSIVE;
				CLANG_WARN_UNREACHABLE_CODE = YES;
				CLANG_WARN__DUPLICATE_METHOD_MATCH = YES;
				COPY_PHASE_STRIP = NO;
				DEBUG_INFORMATION_FORMAT = "dwarf-with-dsym";
				ENABLE_NS_ASSERTIONS = NO;
				ENABLE_STRICT_OBJC_MSGSEND = YES;
				GCC_C_LANGUAGE_STANDARD = gnu11;
				GCC_NO_COMMON_BLOCKS = YES;
				GCC_WARN_64_TO_32_BIT_CONVERSION = YES;
				GCC_WARN_ABOUT_RETURN_TYPE = YES_ERROR;
				GCC_WARN_UNDECLARED_SELECTOR = YES;
				GCC_WARN_UNINITIALIZED_AUTOS = YES_AGGRESSIVE;
				GCC_WARN_UNUSED_FUNCTION = YES;
				GCC_WARN_UNUSED_VARIABLE = YES;
				IPHONEOS_DEPLOYMENT_TARGET = 14.4;
				MTL_ENABLE_DEBUG_INFO = NO;
				MTL_FAST_MATH = YES;
				SDKROOT = iphoneos;
				SWIFT_COMPILATION_MODE = wholemodule;
				SWIFT_OPTIMIZATION_LEVEL = "-O";
				VALIDATE_PRODUCT = YES;
			};
			name = Release;
		};
		84FC94522628486100C51B65 /* Debug */ = {
			isa = XCBuildConfiguration;
			buildSettings = {
				ASSETCATALOG_COMPILER_APPICON_NAME = AppIcon;
				ASSETCATALOG_COMPILER_GLOBAL_ACCENT_COLOR_NAME = AccentColor;
				CODE_SIGN_STYLE = Automatic;
				DEVELOPMENT_TEAM = 7V4S3S7U9M;
				INFOPLIST_FILE = EmailApp/Info.plist;
				LD_RUNPATH_SEARCH_PATHS = (
					"$(inherited)",
					"@executable_path/Frameworks",
				);
				PRODUCT_BUNDLE_IDENTIFIER = Infinno.EmailApp;
				PRODUCT_NAME = "$(TARGET_NAME)";
				SWIFT_VERSION = 5.0;
				TARGETED_DEVICE_FAMILY = "1,2";
			};
			name = Debug;
		};
		84FC94532628486100C51B65 /* Release */ = {
			isa = XCBuildConfiguration;
			buildSettings = {
				ASSETCATALOG_COMPILER_APPICON_NAME = AppIcon;
				ASSETCATALOG_COMPILER_GLOBAL_ACCENT_COLOR_NAME = AccentColor;
				CODE_SIGN_STYLE = Automatic;
				DEVELOPMENT_TEAM = 7V4S3S7U9M;
				INFOPLIST_FILE = EmailApp/Info.plist;
				LD_RUNPATH_SEARCH_PATHS = (
					"$(inherited)",
					"@executable_path/Frameworks",
				);
				PRODUCT_BUNDLE_IDENTIFIER = Infinno.EmailApp;
				PRODUCT_NAME = "$(TARGET_NAME)";
				SWIFT_VERSION = 5.0;
				TARGETED_DEVICE_FAMILY = "1,2";
			};
			name = Release;
		};
/* End XCBuildConfiguration section */

/* Begin XCConfigurationList section */
		84FC94382628485F00C51B65 /* Build configuration list for PBXProject "EmailApp" */ = {
			isa = XCConfigurationList;
			buildConfigurations = (
				84FC944F2628486100C51B65 /* Debug */,
				84FC94502628486100C51B65 /* Release */,
			);
			defaultConfigurationIsVisible = 0;
			defaultConfigurationName = Release;
		};
		84FC94512628486100C51B65 /* Build configuration list for PBXNativeTarget "EmailApp" */ = {
			isa = XCConfigurationList;
			buildConfigurations = (
				84FC94522628486100C51B65 /* Debug */,
				84FC94532628486100C51B65 /* Release */,
			);
			defaultConfigurationIsVisible = 0;
			defaultConfigurationName = Release;
		};
/* End XCConfigurationList section */
	};
	rootObject = 84FC94352628485F00C51B65 /* Project object */;
}
